	<Project xmlns="http://schemas.microsoft.com/developer/msbuild/2003">
		<PropertyGroup>
			<ProjectGuid>{C7539902-7241-46EF-B7D3-1278E08277FA}</ProjectGuid>
			<MainSource>firemonkey.dpr</MainSource>
			<Base>True</Base>
			<Config Condition="'$(Config)'==''">Debug</Config>
			<TargetedPlatforms>5</TargetedPlatforms>
			<AppType>Application</AppType>
			<FrameworkType>None</FrameworkType>
			<ProjectVersion>13.4</ProjectVersion>
			<Platform Condition="'$(Platform)'==''">Win32</Platform>
		</PropertyGroup>
		<PropertyGroup Condition="'$(Config)'=='Base' or '$(Base)'!=''">
			<Base>true</Base>
		</PropertyGroup>
		<PropertyGroup Condition="('$(Platform)'=='Win64' and '$(Base)'=='true') or '$(Base_Win64)'!=''">
			<Base_Win64>true</Base_Win64>
			<CfgParent>Base</CfgParent>
			<Base>true</Base>
		</PropertyGroup>
		<PropertyGroup Condition="('$(Platform)'=='OSX32' and '$(Base)'=='true') or '$(Base_OSX32)'!=''">
			<Base_OSX32>true</Base_OSX32>
			<CfgParent>Base</CfgParent>
			<Base>true</Base>
		</PropertyGroup>
		<PropertyGroup Condition="('$(Platform)'=='Win32' and '$(Base)'=='true') or '$(Base_Win32)'!=''">
			<Base_Win32>true</Base_Win32>
			<CfgParent>Base</CfgParent>
			<Base>true</Base>
		</PropertyGroup>
		<PropertyGroup Condition="'$(Config)'=='Release' or '$(Cfg_1)'!=''">
			<Cfg_1>true</Cfg_1>
			<CfgParent>Base</CfgParent>
			<Base>true</Base>
		</PropertyGroup>
		<PropertyGroup Condition="'$(Config)'=='Debug' or '$(Cfg_2)'!=''">
			<Cfg_2>true</Cfg_2>
			<CfgParent>Base</CfgParent>
			<Base>true</Base>
		</PropertyGroup>
		<PropertyGroup Condition="('$(Platform)'=='OSX32' and '$(Cfg_2)'=='true') or '$(Cfg_2_OSX32)'!=''">
			<Cfg_2_OSX32>true</Cfg_2_OSX32>
			<CfgParent>Cfg_2</CfgParent>
			<Cfg_2>true</Cfg_2>
			<Base>true</Base>
		</PropertyGroup>
		<PropertyGroup Condition="('$(Platform)'=='Win32' and '$(Cfg_2)'=='true') or '$(Cfg_2_Win32)'!=''">
			<Cfg_2_Win32>true</Cfg_2_Win32>
			<CfgParent>Cfg_2</CfgParent>
			<Cfg_2>true</Cfg_2>
			<Base>true</Base>
		</PropertyGroup>
		<PropertyGroup Condition="'$(Base)'!=''">
			<VerInfo_Keys>CompanyName=;FileDescription=;FileVersion=1.0.0.0;InternalName=;LegalCopyright=;LegalTrademarks=;OriginalFilename=;ProductName=;ProductVersion=1.0.0.0;Comments=</VerInfo_Keys>
			<VerInfo_Locale>1036</VerInfo_Locale>
			<DCC_Namespace>System;Xml;Data;Datasnap;Web;Soap;$(DCC_Namespace)</DCC_Namespace>
			<DCC_ImageBase>00400000</DCC_ImageBase>
			<DCC_E>false</DCC_E>
			<DCC_N>false</DCC_N>
			<DCC_S>false</DCC_S>
			<DCC_F>false</DCC_F>
			<DCC_K>false</DCC_K>
		</PropertyGroup>
		<PropertyGroup Condition="'$(Base_Win64)'!=''">
			<VerInfo_IncludeVerInfo>true</VerInfo_IncludeVerInfo>
			<DCC_Namespace>Winapi;System.Win;Data.Win;Datasnap.Win;Web.Win;Soap.Win;Xml.Win;$(DCC_Namespace)</DCC_Namespace>
			<VerInfo_Locale>1033</VerInfo_Locale>
			<Manifest_File>$(BDS)\bin\default_app.manifest</Manifest_File>
		</PropertyGroup>
		<PropertyGroup Condition="'$(Base_OSX32)'!=''">
			<VerInfo_IncludeVerInfo>true</VerInfo_IncludeVerInfo>
			<VerInfo_Keys>CFBundleName=$(MSBuildProjectName);CFBundleDisplayName=$(MSBuildProjectName);CFBundleIdentifier=$(MSBuildProjectName);CFBundleVersion=1.0.0.0;CFBundlePackageType=APPL;CFBundleSignature=????;CFBundleAllowMixedLocalizations=YES;CFBundleExecutable=$(MSBuildProjectName)</VerInfo_Keys>
		</PropertyGroup>
		<PropertyGroup Condition="'$(Base_Win32)'!=''">
			<DCC_ExeOutput>..\..\bin\$(Platform)</DCC_ExeOutput>
			<VerInfo_IncludeVerInfo>true</VerInfo_IncludeVerInfo>
			<DCC_Namespace>Winapi;System.Win;Data.Win;Datasnap.Win;Web.Win;Soap.Win;Xml.Win;Bde;$(DCC_Namespace)</DCC_Namespace>
			<VerInfo_Locale>1033</VerInfo_Locale>
			<Manifest_File>$(BDS)\bin\default_app.manifest</Manifest_File>
		</PropertyGroup>
		<PropertyGroup Condition="'$(Cfg_1)'!=''">
			<DCC_LocalDebugSymbols>false</DCC_LocalDebugSymbols>
			<DCC_DebugInformation>false</DCC_DebugInformation>
			<DCC_SymbolReferenceInfo>0</DCC_SymbolReferenceInfo>
			<DCC_Define>RELEASE;$(DCC_Define)</DCC_Define>
		</PropertyGroup>
		<PropertyGroup Condition="'$(Cfg_2)'!=''">
			<DCC_Define>DEBUG;$(DCC_Define)</DCC_Define>
			<DCC_Optimize>false</DCC_Optimize>
			<DCC_GenerateStackFrames>true</DCC_GenerateStackFrames>
		</PropertyGroup>
		<PropertyGroup Condition="'$(Cfg_2_OSX32)'!=''">
			<Debugger_DebugSourcePath>C:\Dev\delphichromiumembedded\src\;$(Debugger_DebugSourcePath)</Debugger_DebugSourcePath>
			<DCC_RemoteDebug>true</DCC_RemoteDebug>
		</PropertyGroup>
		<PropertyGroup Condition="'$(Cfg_2_Win32)'!=''">
			<DCC_DebugDCUs>true</DCC_DebugDCUs>
			<VerInfo_IncludeVerInfo>true</VerInfo_IncludeVerInfo>
			<VerInfo_Locale>1033</VerInfo_Locale>
		</PropertyGroup>
		<ItemGroup>
			<DelphiCompile Include="$(MainSource)">
				<MainSource>MainSource</MainSource>
			</DelphiCompile>
			<DCCReference Include="main.pas">
				<Form>MainForm</Form>
			</DCCReference>
			<BuildConfiguration Include="Debug">
				<Key>Cfg_2</Key>
				<CfgParent>Base</CfgParent>
			</BuildConfiguration>
			<BuildConfiguration Include="Base">
				<Key>Base</Key>
			</BuildConfiguration>
			<BuildConfiguration Include="Release">
				<Key>Cfg_1</Key>
				<CfgParent>Base</CfgParent>
			</BuildConfiguration>
		</ItemGroup>
		<ProjectExtensions>
			<Borland.Personality>Delphi.Personality.12</Borland.Personality>
			<Borland.ProjectType/>
			<BorlandProject>
				<Delphi.Personality>
					<Source>
						<Source Name="MainSource">firemonkey.dpr</Source>
					</Source>
					<VersionInfo>
						<VersionInfo Name="IncludeVerInfo">False</VersionInfo>
						<VersionInfo Name="AutoIncBuild">False</VersionInfo>
						<VersionInfo Name="MajorVer">1</VersionInfo>
						<VersionInfo Name="MinorVer">0</VersionInfo>
						<VersionInfo Name="Release">0</VersionInfo>
						<VersionInfo Name="Build">0</VersionInfo>
						<VersionInfo Name="Debug">False</VersionInfo>
						<VersionInfo Name="PreRelease">False</VersionInfo>
						<VersionInfo Name="Special">False</VersionInfo>
						<VersionInfo Name="Private">False</VersionInfo>
						<VersionInfo Name="DLL">False</VersionInfo>
						<VersionInfo Name="Locale">1036</VersionInfo>
						<VersionInfo Name="CodePage">1252</VersionInfo>
					</VersionInfo>
					<VersionInfoKeys>
						<VersionInfoKeys Name="CompanyName"/>
						<VersionInfoKeys Name="FileDescription"/>
						<VersionInfoKeys Name="FileVersion">1.0.0.0</VersionInfoKeys>
						<VersionInfoKeys Name="InternalName"/>
						<VersionInfoKeys Name="LegalCopyright"/>
						<VersionInfoKeys Name="LegalTrademarks"/>
						<VersionInfoKeys Name="OriginalFilename"/>
						<VersionInfoKeys Name="ProductName"/>
						<VersionInfoKeys Name="ProductVersion">1.0.0.0</VersionInfoKeys>
						<VersionInfoKeys Name="Comments"/>
					</VersionInfoKeys>
					<Excluded_Packages>
						<Excluded_Packages Name="$(BDSBIN)\bcboffice2k160.bpl">Package Serveurs Office 2000 Embarcadero C++Builder</Excluded_Packages>
						<Excluded_Packages Name="$(BDSBIN)\bcbofficexp160.bpl">Package Serveurs Office XP Embarcadero C++Builder</Excluded_Packages>
						<Excluded_Packages Name="$(BDSBIN)\dcloffice2k160.bpl">Composants Microsoft Office 2000 Sample Automation Server Wrapper</Excluded_Packages>
						<Excluded_Packages Name="$(BDSBIN)\dclofficexp160.bpl">Composants Microsoft Office XP Sample Automation Server Wrapper</Excluded_Packages>
					</Excluded_Packages>
				</Delphi.Personality>
				<Platforms>
					<Platform value="Win64">False</Platform>
					<Platform value="OSX32">True</Platform>
					<Platform value="Win32">True</Platform>
				</Platforms>
				<Deployment>
					<DeployFile Class="ProjectOutput" Configuration="Debug" LocalName="firemonkey">
						<Platform Name="OSX32"/>
					</DeployFile>
					<DeployFile Class="ProjectOSXInfoPList" Configuration="Debug" LocalName="firemonkey.info.plist">
						<Platform Name="OSX32">
							<RemoteName>Info.plist</RemoteName>
						</Platform>
					</DeployFile>
					<DeployFile Class="DependencyModule" LocalName="$(BDS)\Redist\osx32\libcgunwind.1.0.dylib">
						<Platform Name="OSX32"/>
					</DeployFile>
					<DeployFile Class="DebugSymbols" Configuration="Debug" LocalName="firemonkey.rsm">
						<Platform Name="OSX32">
							<RemoteDir>Contents\MacOS\</RemoteDir>
							<RemoteName>firemonkey.rsm</RemoteName>
						</Platform>
					</DeployFile>
					<DeployFile Class="ProjectOSXResource" Configuration="Debug" LocalName="firemonkey.icns">
						<Platform Name="OSX32"/>
					</DeployFile>
					<DeployClass Name="ProjectOutput" Required="true">
						<Platform Name="OSX32">
							<RemoteDir>Contents\MacOS</RemoteDir>
							<Operation>1</Operation>
						</Platform>
						<Platform Name="Win32">
							<Operation>0</Operation>
						</Platform>
					</DeployClass>
					<DeployClass Name="DependencyPackage" Required="true">
						<Platform Name="OSX32">
							<RemoteDir>Contents\MacOS</RemoteDir>
							<Operation>1</Operation>
							<Extensions>.dylib</Extensions>
						</Platform>
						<Platform Name="Win32">
							<Operation>0</Operation>
							<Extensions>.bpl</Extensions>
						</Platform>
					</DeployClass>
					<DeployClass Name="DependencyModule">
						<Platform Name="OSX32">
							<RemoteDir>Contents\MacOS</RemoteDir>
							<Operation>1</Operation>
							<Extensions>.dylib</Extensions>
						</Platform>
						<Platform Name="Win32">
							<Operation>0</Operation>
							<Extensions>.dll;.bpl</Extensions>
						</Platform>
					</DeployClass>
					<DeployClass Name="ProjectOSXInfoPList">
						<Platform Name="OSX32">
							<RemoteDir>Contents</RemoteDir>
							<Operation>1</Operation>
						</Platform>
					</DeployClass>
					<DeployClass Name="File">
						<Platform Name="OSX32">
							<RemoteDir>Contents\MacOS</RemoteDir>
							<Operation>0</Operation>
						</Platform>
						<Platform Name="Win32">
							<Operation>0</Operation>
						</Platform>
					</DeployClass>
					<DeployClass Name="DebugSymbols">
						<Platform Name="OSX32">
							<RemoteDir>Contents\MacOS</RemoteDir>
							<Operation>1</Operation>
						</Platform>
						<Platform Name="Win32">
							<Operation>0</Operation>
						</Platform>
					</DeployClass>
					<DeployClass Name="DependencyFramework">
						<Platform Name="OSX32">
							<RemoteDir>Contents\MacOS</RemoteDir>
							<Operation>1</Operation>
							<Extensions>.framework</Extensions>
						</Platform>
						<Platform Name="Win32">
							<Operation>0</Operation>
						</Platform>
					</DeployClass>
					<DeployClass Name="AdditionalDebugSymbols">
						<Platform Name="OSX32">
							<RemoteDir>Contents\MacOS</RemoteDir>
							<Operation>1</Operation>
						</Platform>
						<Platform Name="Win32">
							<Operation>0</Operation>
						</Platform>
					</DeployClass>
					<DeployClass Name="ProjectOSXResource">
						<Platform Name="OSX32">
							<RemoteDir>Contents\Resources</RemoteDir>
							<Operation>1</Operation>
						</Platform>
					</DeployClass>
					<ProjectRoot Name="$(PROJECTNAME).app" Platform="OSX32"/>
					<ProjectRoot Name="$(PROJECTNAME)" Platform="Win64"/>
					<ProjectRoot Name="$(PROJECTNAME)" Platform="Win32"/>
				</Deployment>
			</BorlandProject>
			<ProjectFileVersion>12</ProjectFileVersion>
		</ProjectExtensions>
		<Import Condition="Exists('$(BDS)\Bin\CodeGear.Delphi.Targets')" Project="$(BDS)\Bin\CodeGear.Delphi.Targets"/>
		<Import Condition="Exists('$(APPDATA)\Embarcadero\$(BDSAPPDATABASEDIR)\$(PRODUCTVERSION)\UserTools.proj')" Project="$(APPDATA)\Embarcadero\$(BDSAPPDATABASEDIR)\$(PRODUCTVERSION)\UserTools.proj"/>
		<Import Condition="Exists('$(MSBuildProjectName).deployproj')" Project="$(MSBuildProjectName).deployproj"/>
	</Project>
